
Microsoft Visual Studio Solution File, Format Version 12.00
# Visual Studio Version 17
VisualStudioVersion = 17.5.002.0
MinimumVisualStudioVersion = 10.0.40219.1
Project("{9A19103F-16F7-4668-BE54-9A1E7A4F7556}") = "POO-UN03-01", "POO-UN03-01.csproj", "{702E8E7D-615C-4440-BAC4-0D088C54D214}"
EndProject
Global
	GlobalSection(SolutionConfigurationPlatforms) = preSolution
		Debug|Any CPU = Debug|Any CPU
		Release|Any CPU = Release|Any CPU
	EndGlobalSection
	GlobalSection(ProjectConfigurationPlatforms) = postSolution
		{702E8E7D-615C-4440-BAC4-0D088C54D214}.Debug|Any CPU.ActiveCfg = Debug|Any CPU
		{702E8E7D-615C-4440-BAC4-0D088C54D214}.Debug|Any CPU.Build.0 = Debug|Any CPU
		{702E8E7D-615C-4440-BAC4-0D088C54D214}.Release|Any CPU.ActiveCfg = Release|Any CPU
		{702E8E7D-615C-4440-BAC4-0D088C54D214}.Release|Any CPU.Build.0 = Release|Any CPU
	EndGlobalSection
	GlobalSection(SolutionProperties) = preSolution
		HideSolutionNode = FALSE
	EndGlobalSection
	GlobalSection(ExtensibilityGlobals) = postSolution
		SolutionGuid = {573F60D2-63D8-4152-BB3F-B0362762CD3D}
	EndGlobalSection
EndGlobal
